
Microsoft Visual Studio Solution File, Format Version 12.00
# Visual Studio Version 16
VisualStudioVersion = 16.0.31313.79
MinimumVisualStudioVersion = 10.0.40219.1
Project("{8BC9CEB8-8B4A-11D0-8D11-00A0C91BC942}") = "Week1", "Week1\HelloWorld.vcxproj", "{85E6441B-4737-452D-A889-BD571EA17DFF}"
EndProject
Project("{8BC9CEB8-8B4A-11D0-8D11-00A0C91BC942}") = "Week2", "Week2\Week2.vcxproj", "{9924C3D3-E188-490F-A83D-96D766BA1AF5}"
EndProject
Project("{8BC9CEB8-8B4A-11D0-8D11-00A0C91BC942}") = "Week3", "Week3\Week3.vcxproj", "{C14AE676-C6C8-481F-9BC2-EDCC08EED765}"
EndProject
Project("{8BC9CEB8-8B4A-11D0-8D11-00A0C91BC942}") = "Week4", "Week4\Week4.vcxproj", "{CB8BE1A9-CE51-4C04-9150-5CD16F48EF4B}"
EndProject
Project("{8BC9CEB8-8B4A-11D0-8D11-00A0C91BC942}") = "Week5", "Week5\Week5.vcxproj", "{A2BEC670-987E-47A9-9011-DC35DDE2244E}"
EndProject
Project("{8BC9CEB8-8B4A-11D0-8D11-00A0C91BC942}") = "Week6", "Week6\Week6.vcxproj", "{575EE177-BBF8-4E69-B540-097AF1146B7F}"
EndProject
Project("{8BC9CEB8-8B4A-11D0-8D11-00A0C91BC942}") = "Week7", "Week7\Week7.vcxproj", "{3169CF32-4871-48C9-9631-4B885AA82B7C}"
EndProject
Global
	GlobalSection(SolutionConfigurationPlatforms) = preSolution
		Debug|x64 = Debug|x64
		Debug|x86 = Debug|x86
		Release|x64 = Release|x64
		Release|x86 = Release|x86
	EndGlobalSection
	GlobalSection(ProjectConfigurationPlatforms) = postSolution
		{85E6441B-4737-452D-A889-BD571EA17DFF}.Debug|x64.ActiveCfg = Debug|x64
		{85E6441B-4737-452D-A889-BD571EA17DFF}.Debug|x64.Build.0 = Debug|x64
		{85E6441B-4737-452D-A889-BD571EA17DFF}.Debug|x86.ActiveCfg = Debug|Win32
		{85E6441B-4737-452D-A889-BD571EA17DFF}.Debug|x86.Build.0 = Debug|Win32
		{85E6441B-4737-452D-A889-BD571EA17DFF}.Release|x64.ActiveCfg = Release|x64
		{85E6441B-4737-452D-A889-BD571EA17DFF}.Release|x64.Build.0 = Release|x64
		{85E6441B-4737-452D-A889-BD571EA17DFF}.Release|x86.ActiveCfg = Release|Win32
		{85E6441B-4737-452D-A889-BD571EA17DFF}.Release|x86.Build.0 = Release|Win32
		{9924C3D3-E188-490F-A83D-96D766BA1AF5}.Debug|x64.ActiveCfg = Debug|x64
		{9924C3D3-E188-490F-A83D-96D766BA1AF5}.Debug|x64.Build.0 = Debug|x64
		{9924C3D3-E188-490F-A83D-96D766BA1AF5}.Debug|x86.ActiveCfg = Debug|Win32
		{9924C3D3-E188-490F-A83D-96D766BA1AF5}.Debug|x86.Build.0 = Debug|Win32
		{9924C3D3-E188-490F-A83D-96D766BA1AF5}.Release|x64.ActiveCfg = Release|x64
		{9924C3D3-E188-490F-A83D-96D766BA1AF5}.Release|x64.Build.0 = Release|x64
		{9924C3D3-E188-490F-A83D-96D766BA1AF5}.Release|x86.ActiveCfg = Release|Win32
		{9924C3D3-E188-490F-A83D-96D766BA1AF5}.Release|x86.Build.0 = Release|Win32
		{C14AE676-C6C8-481F-9BC2-EDCC08EED765}.Debug|x64.ActiveCfg = Debug|x64
		{C14AE676-C6C8-481F-9BC2-EDCC08EED765}.Debug|x64.Build.0 = Debug|x64
		{C14AE676-C6C8-481F-9BC2-EDCC08EED765}.Debug|x86.ActiveCfg = Debug|Win32
		{C14AE676-C6C8-481F-9BC2-EDCC08EED765}.Debug|x86.Build.0 = Debug|Win32
		{C14AE676-C6C8-481F-9BC2-EDCC08EED765}.Release|x64.ActiveCfg = Release|x64
		{C14AE676-C6C8-481F-9BC2-EDCC08EED765}.Release|x64.Build.0 = Release|x64
		{C14AE676-C6C8-481F-9BC2-EDCC08EED765}.Release|x86.ActiveCfg = Release|Win32
		{C14AE676-C6C8-481F-9BC2-EDCC08EED765}.Release|x86.Build.0 = Release|Win32
		{CB8BE1A9-CE51-4C04-9150-5CD16F48EF4B}.Debug|x64.ActiveCfg = Debug|x64
		{CB8BE1A9-CE51-4C04-9150-5CD16F48EF4B}.Debug|x64.Build.0 = Debug|x64
		{CB8BE1A9-CE51-4C04-9150-5CD16F48EF4B}.Debug|x86.ActiveCfg = Debug|Win32
		{CB8BE1A9-CE51-4C04-9150-5CD16F48EF4B}.Debug|x86.Build.0 = Debug|Win32
		{CB8BE1A9-CE51-4C04-9150-5CD16F48EF4B}.Release|x64.ActiveCfg = Release|x64
		{CB8BE1A9-CE51-4C04-9150-5CD16F48EF4B}.Release|x64.Build.0 = Release|x64
		{CB8BE1A9-CE51-4C04-9150-5CD16F48EF4B}.Release|x86.ActiveCfg = Release|Win32
		{CB8BE1A9-CE51-4C04-9150-5CD16F48EF4B}.Release|x86.Build.0 = Release|Win32
		{A2BEC670-987E-47A9-9011-DC35DDE2244E}.Debug|x64.ActiveCfg = Debug|x64
		{A2BEC670-987E-47A9-9011-DC35DDE2244E}.Debug|x64.Build.0 = Debug|x64
		{A2BEC670-987E-47A9-9011-DC35DDE2244E}.Debug|x86.ActiveCfg = Debug|Win32
		{A2BEC670-987E-47A9-9011-DC35DDE2244E}.Debug|x86.Build.0 = Debug|Win32
		{A2BEC670-987E-47A9-9011-DC35DDE2244E}.Release|x64.ActiveCfg = Release|x64
		{A2BEC670-987E-47A9-9011-DC35DDE2244E}.Release|x64.Build.0 = Release|x64
		{A2BEC670-987E-47A9-9011-DC35DDE2244E}.Release|x86.ActiveCfg = Release|Win32
		{A2BEC670-987E-47A9-9011-DC35DDE2244E}.Release|x86.Build.0 = Release|Win32
		{575EE177-BBF8-4E69-B540-097AF1146B7F}.Debug|x64.ActiveCfg = Debug|x64
		{575EE177-BBF8-4E69-B540-097AF1146B7F}.Debug|x64.Build.0 = Debug|x64
		{575EE177-BBF8-4E69-B540-097AF1146B7F}.Debug|x86.ActiveCfg = Debug|Win32
		{575EE177-BBF8-4E69-B540-097AF1146B7F}.Debug|x86.Build.0 = Debug|Win32
		{575EE177-BBF8-4E69-B540-097AF1146B7F}.Release|x64.ActiveCfg = Release|x64
		{575EE177-BBF8-4E69-B540-097AF1146B7F}.Release|x64.Build.0 = Release|x64
		{575EE177-BBF8-4E69-B540-097AF1146B7F}.Release|x86.ActiveCfg = Release|Win32
		{575EE177-BBF8-4E69-B540-097AF1146B7F}.Release|x86.Build.0 = Release|Win32
		{3169CF32-4871-48C9-9631-4B885AA82B7C}.Debug|x64.ActiveCfg = Debug|x64
		{3169CF32-4871-48C9-9631-4B885AA82B7C}.Debug|x64.Build.0 = Debug|x64
		{3169CF32-4871-48C9-9631-4B885AA82B7C}.Debug|x86.ActiveCfg = Debug|Win32
		{3169CF32-4871-48C9-9631-4B885AA82B7C}.Debug|x86.Build.0 = Debug|Win32
		{3169CF32-4871-48C9-9631-4B885AA82B7C}.Release|x64.ActiveCfg = Release|x64
		{3169CF32-4871-48C9-9631-4B885AA82B7C}.Release|x64.Build.0 = Release|x64
		{3169CF32-4871-48C9-9631-4B885AA82B7C}.Release|x86.ActiveCfg = Release|Win32
		{3169CF32-4871-48C9-9631-4B885AA82B7C}.Release|x86.Build.0 = Release|Win32
	EndGlobalSection
	GlobalSection(SolutionProperties) = preSolution
		HideSolutionNode = FALSE
	EndGlobalSection
	GlobalSection(ExtensibilityGlobals) = postSolution
		SolutionGuid = {57A2D0A6-D7F0-4B11-BE22-80723DD2EFA8}
	EndGlobalSection
EndGlobal
